# This file is autogenerated, do not edit; changes may be undone by the next 'dep ensure'.


[[projects]]
  digest = "1:fdd07ff1d3b56a4338688dca999e7a09eacab635d450ca9338bfdd81fd817d9e"
  name = "github.com/containernetworking/cni"
  packages = [
    "pkg/skel",
    "pkg/types",
    "pkg/types/020",
    "pkg/types/current",
    "pkg/version",
  ]
  pruneopts = "UT"
  revision = "a7885cb6f8ab03fba07852ded351e4f5e7a112bf"
  version = "v0.6.0"

[[projects]]
  digest = "1:42153543c03b78bab62ef74f1d5fcaa4c196c0c4f47eb9b4e054d788bcbc5144"
  name = "github.com/containernetworking/plugins"
  packages = [
    "pkg/ip",
    "pkg/ns",
    "pkg/utils/hwaddr",
  ]
  pruneopts = "UT"
  revision = "19f2f28178aa88772f69c4eeb3793d4a63c244b0"
  version = "v0.7.3"

[[projects]]
  digest = "1:536efb6849eb903912acbec0183e1b34e31cc75217b44988aedde59ad249c693"
  name = "github.com/coreos/go-iptables"
  packages = ["iptables"]
  pruneopts = "UT"
  revision = "47f22b0dd3355c0ba570ba12b0b8a36bf214c04b"
  version = "v0.4.0"

[[projects]]
  branch = "master"
  digest = "1:66658a2f8ebd708518c46141f80493136be05a58245baaacb286901cd219df90"
  name = "github.com/john-lin/ovsdb"
  packages = ["."]
  pruneopts = "UT"
  revision = "c84bb513c0524d0e891e45299560b178655c3241"

[[projects]]
  digest = "1:d867dfa6751c8d7a435821ad3b736310c2ed68945d05b50fb9d23aee0540c8cc"
  name = "github.com/sirupsen/logrus"
  packages = ["."]
  pruneopts = "UT"
  revision = "3e01752db0189b9157070a0e1668a620f9a85da2"
  version = "v1.0.6"

[[projects]]
  digest = "1:8832120e0a822e4c956df6d4ffd7cb26a845052b53c15637ac08c8a68a95057d"
  name = "github.com/socketplane/libovsdb"
  packages = [
    ".",
    "Godeps/_workspace/src/github.com/cenkalti/hub",
    "Godeps/_workspace/src/github.com/cenkalti/rpc2",
    "Godeps/_workspace/src/github.com/cenkalti/rpc2/jsonrpc",
  ]
  pruneopts = "UT"
  revision = "555a561202ec17fe6c068038a35291ce9ba33066"
  version = "v0.1"

[[projects]]
  digest = "1:2d9d06cb9d46dacfdbb45f8575b39fc0126d083841a29d4fbf8d97708f43107e"
  name = "github.com/vishvananda/netlink"
  packages = [
    ".",
    "nl",
  ]
  pruneopts = "UT"
  revision = "a2ad57a690f3caf3015351d2d6e1c0b95c349752"
  version = "v1.0.0"

[[projects]]
  branch = "master"
  digest = "1:e4e30678fb2560b5c62f6308c5023d6c294fc7713216fa379411cc74465e866f"
  name = "github.com/vishvananda/netns"
  packages = ["."]
  pruneopts = "UT"
  revision = "13995c7128ccc8e51e9a6bd2b551020a27180abd"

[[projects]]
  branch = "master"
  digest = "1:3f3a05ae0b95893d90b9b3b5afdb79a9b3d96e4e36e099d841ae602e4aca0da8"
  name = "golang.org/x/crypto"
  packages = ["ssh/terminal"]
  pruneopts = "UT"
  revision = "de0752318171da717af4ce24d0a2e8626afaeb11"

[[projects]]
  branch = "master"
  digest = "1:4d16433c0d2c24761b8a507e8c2e9c8cf9193b497d6b38aaeffca038070bc8f5"
  name = "golang.org/x/sys"
  packages = [
    "unix",
    "windows",
  ]
  pruneopts = "UT"
  revision = "904bdc257025c7b3f43c19360ad3ab85783fad78"

[solve-meta]
  analyzer-name = "dep"
  analyzer-version = 1
  input-imports = [
    "github.com/containernetworking/cni/pkg/skel",
    "github.com/containernetworking/cni/pkg/types",
    "github.com/containernetworking/cni/pkg/types/current",
    "github.com/containernetworking/cni/pkg/version",
    "github.com/containernetworking/plugins/pkg/ip",
    "github.com/john-lin/ovsdb",
    "github.com/vishvananda/netlink",
    "github.com/vishvananda/netns",
  ]
  solver-name = "gps-cdcl"
  solver-version = 1
